Microsoft Visual Studio Solution File, Format Version 12.00
# Visual Studio Version 17
VisualStudioVersion = 17.5.2.0
MinimumVisualStudioVersion = 10.0.40219.1
Project("{FAE04EC0-301F-11D3-BF4B-00C04F79EFBC}") = "logicgates", "logicgates.csproj", "{9C1E3542-1BC1-AF3D-D708-6C9DA5EB6D94}"
EndProject
Global
	GlobalSection(SolutionConfigurationPlatforms) = preSolution
		Debug|Any CPU = Debug|Any CPU
		Release|Any CPU = Release|Any CPU
	EndGlobalSection
	GlobalSection(ProjectConfigurationPlatforms) = postSolution
		{9C1E3542-1BC1-AF3D-D708-6C9DA5EB6D94}.Debug|Any CPU.ActiveCfg = Debug|Any CPU
		{9C1E3542-1BC1-AF3D-D708-6C9DA5EB6D94}.Debug|Any CPU.Build.0 = Debug|Any CPU
		{9C1E3542-1BC1-AF3D-D708-6C9DA5EB6D94}.Release|Any CPU.ActiveCfg = Release|Any CPU
		{9C1E3542-1BC1-AF3D-D708-6C9DA5EB6D94}.Release|Any CPU.Build.0 = Release|Any CPU
	EndGlobalSection
	GlobalSection(SolutionProperties) = preSolution
		HideSolutionNode = FALSE
	EndGlobalSection
	GlobalSection(ExtensibilityGlobals) = postSolution
		SolutionGuid = {5B8DFD37-E2BF-4793-9277-2F5AB6CE23EF}
	EndGlobalSection
EndGlobal
